
Microsoft Visual Studio Solution File, Format Version 12.00
# Visual Studio Version 16
VisualStudioVersion = 16.0.32106.194
MinimumVisualStudioVersion = 10.0.40219.1
Project("{9A19103F-16F7-4668-BE54-9A1E7A4F7556}") = "BusUnitTest", "BusUnitTest\BusUnitTest.csproj", "{B1D09348-5147-4FC2-8ED3-2C62126CD47B}"
EndProject
Project("{FAE04EC0-301F-11D3-BF4B-00C04F79EFBC}") = "BusStopsProject", "BusStopsProject\BusStopsProject.csproj", "{A6AE95FB-63BD-49FA-933A-2F92D46FF87A}"
EndProject
Global
	GlobalSection(SolutionConfigurationPlatforms) = preSolution
		Debug|Any CPU = Debug|Any CPU
		Release|Any CPU = Release|Any CPU
	EndGlobalSection
	GlobalSection(ProjectConfigurationPlatforms) = postSolution
		{B1D09348-5147-4FC2-8ED3-2C62126CD47B}.Debug|Any CPU.ActiveCfg = Debug|Any CPU
		{B1D09348-5147-4FC2-8ED3-2C62126CD47B}.Debug|Any CPU.Build.0 = Debug|Any CPU
		{B1D09348-5147-4FC2-8ED3-2C62126CD47B}.Release|Any CPU.ActiveCfg = Release|Any CPU
		{B1D09348-5147-4FC2-8ED3-2C62126CD47B}.Release|Any CPU.Build.0 = Release|Any CPU
		{A6AE95FB-63BD-49FA-933A-2F92D46FF87A}.Debug|Any CPU.ActiveCfg = Debug|Any CPU
		{A6AE95FB-63BD-49FA-933A-2F92D46FF87A}.Debug|Any CPU.Build.0 = Debug|Any CPU
		{A6AE95FB-63BD-49FA-933A-2F92D46FF87A}.Release|Any CPU.ActiveCfg = Release|Any CPU
		{A6AE95FB-63BD-49FA-933A-2F92D46FF87A}.Release|Any CPU.Build.0 = Release|Any CPU
	EndGlobalSection
	GlobalSection(SolutionProperties) = preSolution
		HideSolutionNode = FALSE
	EndGlobalSection
	GlobalSection(ExtensibilityGlobals) = postSolution
		SolutionGuid = {FF798D96-5958-4085-B83A-DFE9D1B71A4C}
	EndGlobalSection
EndGlobal
