
Microsoft Visual Studio Solution File, Format Version 12.00
# Visual Studio Version 16
VisualStudioVersion = 16.0.32106.194
MinimumVisualStudioVersion = 10.0.40219.1
Project("{FAE04EC0-301F-11D3-BF4B-00C04F79EFBC}") = "BusProject", "BusProject\BusProject.csproj", "{27A903F8-E253-4196-A9D5-490443836DB9}"
EndProject
Global
	GlobalSection(SolutionConfigurationPlatforms) = preSolution
		Debug|Any CPU = Debug|Any CPU
		Release|Any CPU = Release|Any CPU
	EndGlobalSection
	GlobalSection(ProjectConfigurationPlatforms) = postSolution
		{27A903F8-E253-4196-A9D5-490443836DB9}.Debug|Any CPU.ActiveCfg = Debug|Any CPU
		{27A903F8-E253-4196-A9D5-490443836DB9}.Debug|Any CPU.Build.0 = Debug|Any CPU
		{27A903F8-E253-4196-A9D5-490443836DB9}.Release|Any CPU.ActiveCfg = Release|Any CPU
		{27A903F8-E253-4196-A9D5-490443836DB9}.Release|Any CPU.Build.0 = Release|Any CPU
	EndGlobalSection
	GlobalSection(SolutionProperties) = preSolution
		HideSolutionNode = FALSE
	EndGlobalSection
	GlobalSection(ExtensibilityGlobals) = postSolution
		SolutionGuid = {FF798D96-5958-4085-B83A-DFE9D1B71A4C}
	EndGlobalSection
EndGlobal
